
Microsoft Visual Studio Solution File, Format Version 12.00
# Visual Studio Version 17
VisualStudioVersion = 17.14.36811.4
MinimumVisualStudioVersion = 10.0.40219.1
Project("{FAE04EC0-301F-11D3-BF4B-00C04F79EFBC}") = "Taxi.API.Server", "Taxi.API.Server\Taxi.API.Server.csproj", "{20CD576E-30F7-482D-877B-619B142B9E3E}"
EndProject
Project("{FAE04EC0-301F-11D3-BF4B-00C04F79EFBC}") = "Taxi.Core", "Taxi.Core\Taxi.Core.csproj", "{C615E7B5-3ACD-4732-8166-67B0375EC7C4}"
EndProject
Project("{FAE04EC0-301F-11D3-BF4B-00C04F79EFBC}") = "Taxi.WPF", "Taxi.WPF\Taxi.WPF.csproj", "{EA213852-23F4-4A53-ACE6-CD803B418026}"
EndProject
Global
	GlobalSection(SolutionConfigurationPlatforms) = preSolution
		Debug|Any CPU = Debug|Any CPU
		Release|Any CPU = Release|Any CPU
	EndGlobalSection
	GlobalSection(ProjectConfigurationPlatforms) = postSolution
		{20CD576E-30F7-482D-877B-619B142B9E3E}.Debug|Any CPU.ActiveCfg = Debug|Any CPU
		{20CD576E-30F7-482D-877B-619B142B9E3E}.Debug|Any CPU.Build.0 = Debug|Any CPU
		{20CD576E-30F7-482D-877B-619B142B9E3E}.Release|Any CPU.ActiveCfg = Release|Any CPU
		{20CD576E-30F7-482D-877B-619B142B9E3E}.Release|Any CPU.Build.0 = Release|Any CPU
		{C615E7B5-3ACD-4732-8166-67B0375EC7C4}.Debug|Any CPU.ActiveCfg = Debug|Any CPU
		{C615E7B5-3ACD-4732-8166-67B0375EC7C4}.Debug|Any CPU.Build.0 = Debug|Any CPU
		{C615E7B5-3ACD-4732-8166-67B0375EC7C4}.Release|Any CPU.ActiveCfg = Release|Any CPU
		{C615E7B5-3ACD-4732-8166-67B0375EC7C4}.Release|Any CPU.Build.0 = Release|Any CPU
		{EA213852-23F4-4A53-ACE6-CD803B418026}.Debug|Any CPU.ActiveCfg = Debug|Any CPU
		{EA213852-23F4-4A53-ACE6-CD803B418026}.Debug|Any CPU.Build.0 = Debug|Any CPU
		{EA213852-23F4-4A53-ACE6-CD803B418026}.Release|Any CPU.ActiveCfg = Release|Any CPU
		{EA213852-23F4-4A53-ACE6-CD803B418026}.Release|Any CPU.Build.0 = Release|Any CPU
	EndGlobalSection
	GlobalSection(SolutionProperties) = preSolution
		HideSolutionNode = FALSE
	EndGlobalSection
	GlobalSection(ExtensibilityGlobals) = postSolution
		SolutionGuid = {97DA8741-D4EC-4E3F-A981-481020031A8B}
	EndGlobalSection
EndGlobal
